
Microsoft Visual Studio Solution File, Format Version 12.00
# Visual Studio Version 16
VisualStudioVersion = 16.0.30114.105
MinimumVisualStudioVersion = 10.0.40219.1
Project("{FAE04EC0-301F-11D3-BF4B-00C04F79EFBC}") = "API", "API\API.csproj", "{E42E3D9E-FC9E-4B31-BBEA-095FD1112FB1}"
EndProject
Project("{FAE04EC0-301F-11D3-BF4B-00C04F79EFBC}") = "Application", "Application\Application.csproj", "{ADE99C49-9F78-4CFB-9CFE-6821EE1FB875}"
EndProject
Project("{FAE04EC0-301F-11D3-BF4B-00C04F79EFBC}") = "Persistence", "Persistence\Persistence.csproj", "{C9388A38-0A03-4A84-86BE-9C3CD4B78A83}"
EndProject
Project("{FAE04EC0-301F-11D3-BF4B-00C04F79EFBC}") = "Domain", "Domain\Domain.csproj", "{1792E1C5-3A29-4064-9D06-B1A562931960}"
EndProject
Global
	GlobalSection(SolutionConfigurationPlatforms) = preSolution
		Debug|Any CPU = Debug|Any CPU
		Release|Any CPU = Release|Any CPU
	EndGlobalSection
	GlobalSection(SolutionProperties) = preSolution
		HideSolutionNode = FALSE
	EndGlobalSection
	GlobalSection(ProjectConfigurationPlatforms) = postSolution
		{E42E3D9E-FC9E-4B31-BBEA-095FD1112FB1}.Debug|Any CPU.ActiveCfg = Debug|Any CPU
		{E42E3D9E-FC9E-4B31-BBEA-095FD1112FB1}.Debug|Any CPU.Build.0 = Debug|Any CPU
		{E42E3D9E-FC9E-4B31-BBEA-095FD1112FB1}.Release|Any CPU.ActiveCfg = Release|Any CPU
		{E42E3D9E-FC9E-4B31-BBEA-095FD1112FB1}.Release|Any CPU.Build.0 = Release|Any CPU
		{ADE99C49-9F78-4CFB-9CFE-6821EE1FB875}.Debug|Any CPU.ActiveCfg = Debug|Any CPU
		{ADE99C49-9F78-4CFB-9CFE-6821EE1FB875}.Debug|Any CPU.Build.0 = Debug|Any CPU
		{ADE99C49-9F78-4CFB-9CFE-6821EE1FB875}.Release|Any CPU.ActiveCfg = Release|Any CPU
		{ADE99C49-9F78-4CFB-9CFE-6821EE1FB875}.Release|Any CPU.Build.0 = Release|Any CPU
		{C9388A38-0A03-4A84-86BE-9C3CD4B78A83}.Debug|Any CPU.ActiveCfg = Debug|Any CPU
		{C9388A38-0A03-4A84-86BE-9C3CD4B78A83}.Debug|Any CPU.Build.0 = Debug|Any CPU
		{C9388A38-0A03-4A84-86BE-9C3CD4B78A83}.Release|Any CPU.ActiveCfg = Release|Any CPU
		{C9388A38-0A03-4A84-86BE-9C3CD4B78A83}.Release|Any CPU.Build.0 = Release|Any CPU
		{1792E1C5-3A29-4064-9D06-B1A562931960}.Debug|Any CPU.ActiveCfg = Debug|Any CPU
		{1792E1C5-3A29-4064-9D06-B1A562931960}.Debug|Any CPU.Build.0 = Debug|Any CPU
		{1792E1C5-3A29-4064-9D06-B1A562931960}.Release|Any CPU.ActiveCfg = Release|Any CPU
		{1792E1C5-3A29-4064-9D06-B1A562931960}.Release|Any CPU.Build.0 = Release|Any CPU
	EndGlobalSection
EndGlobal
